
Microsoft Visual Studio Solution File, Format Version 12.00
# Visual Studio Version 17
VisualStudioVersion = 17.4.33403.182
MinimumVisualStudioVersion = 10.0.40219.1
Project("{2150E333-8FDC-42A3-9474-1A3956D46DE8}") = "SQS", "SQS", "{B1E83289-B621-4F15-8C5E-362E394D4FE8}"
EndProject
Project("{9A19103F-16F7-4668-BE54-9A1E7A4F7556}") = "Sqs.Publisher", "Sqs.Publisher\Sqs.Publisher.csproj", "{177B74E4-BA7B-497C-830B-E19B565E43F2}"
EndProject
Project("{9A19103F-16F7-4668-BE54-9A1E7A4F7556}") = "Contracts", "Contracts\Contracts.csproj", "{53A558A1-235E-44F8-955B-62021502ECD1}"
EndProject
Project("{9A19103F-16F7-4668-BE54-9A1E7A4F7556}") = "Sqs.Consumer", "Sqs.Consumer\Sqs.Consumer.csproj", "{A74F29B0-8B79-41C6-BD4E-C76004B1469C}"
EndProject
Project("{FAE04EC0-301F-11D3-BF4B-00C04F79EFBC}") = "Customers.Api", "Customers.Api\Customers.Api.csproj", "{B1AF6EEA-82EC-4A2D-8A48-F683A983FE0E}"
EndProject
Project("{FAE04EC0-301F-11D3-BF4B-00C04F79EFBC}") = "Customers.Consumer", "Customers.Consumer\Customers.Consumer.csproj", "{436B7522-A9A5-4EEA-B708-A796063907D3}"
EndProject
Project("{2150E333-8FDC-42A3-9474-1A3956D46DE8}") = "SNS", "SNS", "{8895F175-9078-4388-AAFE-3F88634F682A}"
EndProject
Project("{FAE04EC0-301F-11D3-BF4B-00C04F79EFBC}") = "Sns.Publisher", "SNS\Sns.Publisher\Sns.Publisher.csproj", "{96FA3C6B-078C-4B50-A092-7F619F92BD7C}"
EndProject
Project("{2150E333-8FDC-42A3-9474-1A3956D46DE8}") = "S3", "S3", "{7DEBF047-5B4B-4C6A-B516-D63788A546A9}"
EndProject
Project("{FAE04EC0-301F-11D3-BF4B-00C04F79EFBC}") = "S3.Console", "S3.Console\S3.Console.csproj", "{AD8BAFEF-5F63-427F-8BFC-B86C200F83A0}"
EndProject
Project("{2150E333-8FDC-42A3-9474-1A3956D46DE8}") = "SecretsManager", "SecretsManager", "{6BF37AE7-C4B1-44BC-A3AB-BCE3E5240EE3}"
EndProject
Project("{FAE04EC0-301F-11D3-BF4B-00C04F79EFBC}") = "Secrets.Console", "Secrets.Console\Secrets.Console.csproj", "{8AE873E5-F011-4988-8504-D0ACD3765A41}"
EndProject
Project("{2150E333-8FDC-42A3-9474-1A3956D46DE8}") = "Lambda", "Lambda", "{8789927F-3ABD-4FDC-AA60-0426D8ED84B9}"
EndProject
Project("{FAE04EC0-301F-11D3-BF4B-00C04F79EFBC}") = "SimpleLambda", "SimpleLambda\src\SimpleLambda\SimpleLambda.csproj", "{B2E47C32-D095-4F30-9399-282E797999C4}"
EndProject
Project("{FAE04EC0-301F-11D3-BF4B-00C04F79EFBC}") = "SimpleHttpLambda", "HelloWorld\src\SimpleHttpLambda\SimpleHttpLambda.csproj", "{FC80DF98-CC3D-4CF6-8232-416E224719CD}"
EndProject
Global
	GlobalSection(SolutionConfigurationPlatforms) = preSolution
		Debug|Any CPU = Debug|Any CPU
		Release|Any CPU = Release|Any CPU
	EndGlobalSection
	GlobalSection(ProjectConfigurationPlatforms) = postSolution
		{177B74E4-BA7B-497C-830B-E19B565E43F2}.Debug|Any CPU.ActiveCfg = Debug|Any CPU
		{177B74E4-BA7B-497C-830B-E19B565E43F2}.Debug|Any CPU.Build.0 = Debug|Any CPU
		{177B74E4-BA7B-497C-830B-E19B565E43F2}.Release|Any CPU.ActiveCfg = Release|Any CPU
		{177B74E4-BA7B-497C-830B-E19B565E43F2}.Release|Any CPU.Build.0 = Release|Any CPU
		{53A558A1-235E-44F8-955B-62021502ECD1}.Debug|Any CPU.ActiveCfg = Debug|Any CPU
		{53A558A1-235E-44F8-955B-62021502ECD1}.Debug|Any CPU.Build.0 = Debug|Any CPU
		{53A558A1-235E-44F8-955B-62021502ECD1}.Release|Any CPU.ActiveCfg = Release|Any CPU
		{53A558A1-235E-44F8-955B-62021502ECD1}.Release|Any CPU.Build.0 = Release|Any CPU
		{A74F29B0-8B79-41C6-BD4E-C76004B1469C}.Debug|Any CPU.ActiveCfg = Debug|Any CPU
		{A74F29B0-8B79-41C6-BD4E-C76004B1469C}.Debug|Any CPU.Build.0 = Debug|Any CPU
		{A74F29B0-8B79-41C6-BD4E-C76004B1469C}.Release|Any CPU.ActiveCfg = Release|Any CPU
		{A74F29B0-8B79-41C6-BD4E-C76004B1469C}.Release|Any CPU.Build.0 = Release|Any CPU
		{B1AF6EEA-82EC-4A2D-8A48-F683A983FE0E}.Debug|Any CPU.ActiveCfg = Debug|Any CPU
		{B1AF6EEA-82EC-4A2D-8A48-F683A983FE0E}.Debug|Any CPU.Build.0 = Debug|Any CPU
		{B1AF6EEA-82EC-4A2D-8A48-F683A983FE0E}.Release|Any CPU.ActiveCfg = Release|Any CPU
		{B1AF6EEA-82EC-4A2D-8A48-F683A983FE0E}.Release|Any CPU.Build.0 = Release|Any CPU
		{436B7522-A9A5-4EEA-B708-A796063907D3}.Debug|Any CPU.ActiveCfg = Debug|Any CPU
		{436B7522-A9A5-4EEA-B708-A796063907D3}.Debug|Any CPU.Build.0 = Debug|Any CPU
		{436B7522-A9A5-4EEA-B708-A796063907D3}.Release|Any CPU.ActiveCfg = Release|Any CPU
		{436B7522-A9A5-4EEA-B708-A796063907D3}.Release|Any CPU.Build.0 = Release|Any CPU
		{96FA3C6B-078C-4B50-A092-7F619F92BD7C}.Debug|Any CPU.ActiveCfg = Debug|Any CPU
		{96FA3C6B-078C-4B50-A092-7F619F92BD7C}.Debug|Any CPU.Build.0 = Debug|Any CPU
		{96FA3C6B-078C-4B50-A092-7F619F92BD7C}.Release|Any CPU.ActiveCfg = Release|Any CPU
		{96FA3C6B-078C-4B50-A092-7F619F92BD7C}.Release|Any CPU.Build.0 = Release|Any CPU
		{AD8BAFEF-5F63-427F-8BFC-B86C200F83A0}.Debug|Any CPU.ActiveCfg = Debug|Any CPU
		{AD8BAFEF-5F63-427F-8BFC-B86C200F83A0}.Debug|Any CPU.Build.0 = Debug|Any CPU
		{AD8BAFEF-5F63-427F-8BFC-B86C200F83A0}.Release|Any CPU.ActiveCfg = Release|Any CPU
		{AD8BAFEF-5F63-427F-8BFC-B86C200F83A0}.Release|Any CPU.Build.0 = Release|Any CPU
		{8AE873E5-F011-4988-8504-D0ACD3765A41}.Debug|Any CPU.ActiveCfg = Debug|Any CPU
		{8AE873E5-F011-4988-8504-D0ACD3765A41}.Debug|Any CPU.Build.0 = Debug|Any CPU
		{8AE873E5-F011-4988-8504-D0ACD3765A41}.Release|Any CPU.ActiveCfg = Release|Any CPU
		{8AE873E5-F011-4988-8504-D0ACD3765A41}.Release|Any CPU.Build.0 = Release|Any CPU
		{B2E47C32-D095-4F30-9399-282E797999C4}.Debug|Any CPU.ActiveCfg = Debug|Any CPU
		{B2E47C32-D095-4F30-9399-282E797999C4}.Debug|Any CPU.Build.0 = Debug|Any CPU
		{B2E47C32-D095-4F30-9399-282E797999C4}.Release|Any CPU.ActiveCfg = Release|Any CPU
		{B2E47C32-D095-4F30-9399-282E797999C4}.Release|Any CPU.Build.0 = Release|Any CPU
		{FC80DF98-CC3D-4CF6-8232-416E224719CD}.Debug|Any CPU.ActiveCfg = Debug|Any CPU
		{FC80DF98-CC3D-4CF6-8232-416E224719CD}.Debug|Any CPU.Build.0 = Debug|Any CPU
		{FC80DF98-CC3D-4CF6-8232-416E224719CD}.Release|Any CPU.ActiveCfg = Release|Any CPU
		{FC80DF98-CC3D-4CF6-8232-416E224719CD}.Release|Any CPU.Build.0 = Release|Any CPU
	EndGlobalSection
	GlobalSection(SolutionProperties) = preSolution
		HideSolutionNode = FALSE
	EndGlobalSection
	GlobalSection(NestedProjects) = preSolution
		{177B74E4-BA7B-497C-830B-E19B565E43F2} = {B1E83289-B621-4F15-8C5E-362E394D4FE8}
		{A74F29B0-8B79-41C6-BD4E-C76004B1469C} = {B1E83289-B621-4F15-8C5E-362E394D4FE8}
		{436B7522-A9A5-4EEA-B708-A796063907D3} = {B1E83289-B621-4F15-8C5E-362E394D4FE8}
		{96FA3C6B-078C-4B50-A092-7F619F92BD7C} = {8895F175-9078-4388-AAFE-3F88634F682A}
		{B1AF6EEA-82EC-4A2D-8A48-F683A983FE0E} = {8895F175-9078-4388-AAFE-3F88634F682A}
		{AD8BAFEF-5F63-427F-8BFC-B86C200F83A0} = {7DEBF047-5B4B-4C6A-B516-D63788A546A9}
		{8AE873E5-F011-4988-8504-D0ACD3765A41} = {6BF37AE7-C4B1-44BC-A3AB-BCE3E5240EE3}
		{B2E47C32-D095-4F30-9399-282E797999C4} = {8789927F-3ABD-4FDC-AA60-0426D8ED84B9}
		{FC80DF98-CC3D-4CF6-8232-416E224719CD} = {8789927F-3ABD-4FDC-AA60-0426D8ED84B9}
	EndGlobalSection
	GlobalSection(ExtensibilityGlobals) = postSolution
		SolutionGuid = {FEC051E3-9336-42A8-93AB-E8EA7AC0FBDF}
	EndGlobalSection
EndGlobal
